
Microsoft Visual Studio Solution File, Format Version 12.00
# Visual Studio Version 16
VisualStudioVersion = 16.0.30413.136
MinimumVisualStudioVersion = 10.0.40219.1
Project("{8BC9CEB8-8B4A-11D0-8D11-00A0C91BC942}") = "TestOsVersion", "TestOsVersion\TestOsVersion.vcxproj", "{6E220570-80D0-4C9A-ABA3-63EAF872EA2B}"
EndProject
Project("{8BC9CEB8-8B4A-11D0-8D11-00A0C91BC942}") = "TestOsVersionEx", "TestOsVersionEx\TestOsVersionEx.vcxproj", "{B03D67A8-FC2D-4B84-B6FE-CEB94E9A1CBB}"
EndProject
Global
	GlobalSection(SolutionConfigurationPlatforms) = preSolution
		Debug|x64 = Debug|x64
		Debug|x86 = Debug|x86
		Release|x64 = Release|x64
		Release|x86 = Release|x86
	EndGlobalSection
	GlobalSection(ProjectConfigurationPlatforms) = postSolution
		{6E220570-80D0-4C9A-ABA3-63EAF872EA2B}.Debug|x64.ActiveCfg = Debug|x64
		{6E220570-80D0-4C9A-ABA3-63EAF872EA2B}.Debug|x64.Build.0 = Debug|x64
		{6E220570-80D0-4C9A-ABA3-63EAF872EA2B}.Debug|x86.ActiveCfg = Debug|Win32
		{6E220570-80D0-4C9A-ABA3-63EAF872EA2B}.Debug|x86.Build.0 = Debug|Win32
		{6E220570-80D0-4C9A-ABA3-63EAF872EA2B}.Release|x64.ActiveCfg = Release|x64
		{6E220570-80D0-4C9A-ABA3-63EAF872EA2B}.Release|x64.Build.0 = Release|x64
		{6E220570-80D0-4C9A-ABA3-63EAF872EA2B}.Release|x86.ActiveCfg = Release|Win32
		{6E220570-80D0-4C9A-ABA3-63EAF872EA2B}.Release|x86.Build.0 = Release|Win32
		{B03D67A8-FC2D-4B84-B6FE-CEB94E9A1CBB}.Debug|x64.ActiveCfg = Debug|x64
		{B03D67A8-FC2D-4B84-B6FE-CEB94E9A1CBB}.Debug|x64.Build.0 = Debug|x64
		{B03D67A8-FC2D-4B84-B6FE-CEB94E9A1CBB}.Debug|x86.ActiveCfg = Debug|Win32
		{B03D67A8-FC2D-4B84-B6FE-CEB94E9A1CBB}.Debug|x86.Build.0 = Debug|Win32
		{B03D67A8-FC2D-4B84-B6FE-CEB94E9A1CBB}.Release|x64.ActiveCfg = Release|x64
		{B03D67A8-FC2D-4B84-B6FE-CEB94E9A1CBB}.Release|x64.Build.0 = Release|x64
		{B03D67A8-FC2D-4B84-B6FE-CEB94E9A1CBB}.Release|x86.ActiveCfg = Release|Win32
		{B03D67A8-FC2D-4B84-B6FE-CEB94E9A1CBB}.Release|x86.Build.0 = Release|Win32
	EndGlobalSection
	GlobalSection(SolutionProperties) = preSolution
		HideSolutionNode = FALSE
	EndGlobalSection
	GlobalSection(ExtensibilityGlobals) = postSolution
		SolutionGuid = {D763DCE3-BFE9-45F2-8BFC-F657E199E03C}
	EndGlobalSection
EndGlobal
